
Microsoft Visual Studio Solution File, Format Version 12.00
# Visual Studio Version 17
VisualStudioVersion = 17.9.34701.34
MinimumVisualStudioVersion = 10.0.40219.1
Project("{FAE04EC0-301F-11D3-BF4B-00C04F79EFBC}") = "rent", "rent.csproj", "{FDFC3A07-DAB2-4B70-AB2B-5CDD8C4A4F70}"
EndProject
Global
	GlobalSection(SolutionConfigurationPlatforms) = preSolution
		Debug|Any CPU = Debug|Any CPU
		Release|Any CPU = Release|Any CPU
	EndGlobalSection
	GlobalSection(ProjectConfigurationPlatforms) = postSolution
		{FDFC3A07-DAB2-4B70-AB2B-5CDD8C4A4F70}.Debug|Any CPU.ActiveCfg = Debug|Any CPU
		{FDFC3A07-DAB2-4B70-AB2B-5CDD8C4A4F70}.Debug|Any CPU.Build.0 = Debug|Any CPU
		{FDFC3A07-DAB2-4B70-AB2B-5CDD8C4A4F70}.Release|Any CPU.ActiveCfg = Release|Any CPU
		{FDFC3A07-DAB2-4B70-AB2B-5CDD8C4A4F70}.Release|Any CPU.Build.0 = Release|Any CPU
	EndGlobalSection
	GlobalSection(SolutionProperties) = preSolution
		HideSolutionNode = FALSE
	EndGlobalSection
	GlobalSection(ExtensibilityGlobals) = postSolution
		SolutionGuid = {402DCCB3-665C-4329-9E73-B46FDBE28826}
	EndGlobalSection
EndGlobal
